
Microsoft Visual Studio Solution File, Format Version 12.00
# Visual Studio Version 17
VisualStudioVersion = 17.8.34525.116
MinimumVisualStudioVersion = 10.0.40219.1
Project("{FAE04EC0-301F-11D3-BF4B-00C04F79EFBC}") = "MyFirstDapper", "MyFirstDapper.csproj", "{49460FBD-9B09-4A65-AAE8-63AE992B4764}"
EndProject
Project("{FAE04EC0-301F-11D3-BF4B-00C04F79EFBC}") = "LykaAPI", "..\LykaAPI\LykaAPI.csproj", "{84473373-1521-47D7-A433-D730C485B79A}"
EndProject
Global
	GlobalSection(SolutionConfigurationPlatforms) = preSolution
		Debug|Any CPU = Debug|Any CPU
		Release|Any CPU = Release|Any CPU
	EndGlobalSection
	GlobalSection(ProjectConfigurationPlatforms) = postSolution
		{49460FBD-9B09-4A65-AAE8-63AE992B4764}.Debug|Any CPU.ActiveCfg = Debug|Any CPU
		{49460FBD-9B09-4A65-AAE8-63AE992B4764}.Debug|Any CPU.Build.0 = Debug|Any CPU
		{49460FBD-9B09-4A65-AAE8-63AE992B4764}.Release|Any CPU.ActiveCfg = Release|Any CPU
		{49460FBD-9B09-4A65-AAE8-63AE992B4764}.Release|Any CPU.Build.0 = Release|Any CPU
		{84473373-1521-47D7-A433-D730C485B79A}.Debug|Any CPU.ActiveCfg = Debug|Any CPU
		{84473373-1521-47D7-A433-D730C485B79A}.Debug|Any CPU.Build.0 = Debug|Any CPU
		{84473373-1521-47D7-A433-D730C485B79A}.Release|Any CPU.ActiveCfg = Release|Any CPU
		{84473373-1521-47D7-A433-D730C485B79A}.Release|Any CPU.Build.0 = Release|Any CPU
	EndGlobalSection
	GlobalSection(SolutionProperties) = preSolution
		HideSolutionNode = FALSE
	EndGlobalSection
	GlobalSection(ExtensibilityGlobals) = postSolution
		SolutionGuid = {53796418-16A4-488A-B428-2F4C49836B37}
	EndGlobalSection
EndGlobal
